
Microsoft Visual Studio Solution File, Format Version 12.00
# Visual Studio 2015
Project("{FAE04EC0-301F-11D3-BF4B-00C04F79EFBC}") = "one_week_ten", "one_week_ten.csproj", "{D9EE6EDF-81FB-4EA4-55D4-B8D322B650C9}"
EndProject
Global
	GlobalSection(SolutionConfigurationPlatforms) = preSolution
		Debug|Any CPU = Debug|Any CPU
		Release|Any CPU = Release|Any CPU
	EndGlobalSection
	GlobalSection(ProjectConfigurationPlatforms) = postSolution
		{D9EE6EDF-81FB-4EA4-55D4-B8D322B650C9}.Debug|Any CPU.ActiveCfg = Debug|Any CPU
		{D9EE6EDF-81FB-4EA4-55D4-B8D322B650C9}.Debug|Any CPU.Build.0 = Debug|Any CPU
		{D9EE6EDF-81FB-4EA4-55D4-B8D322B650C9}.Release|Any CPU.ActiveCfg = Release|Any CPU
		{D9EE6EDF-81FB-4EA4-55D4-B8D322B650C9}.Release|Any CPU.Build.0 = Release|Any CPU
	EndGlobalSection
	GlobalSection(SolutionProperties) = preSolution
		HideSolutionNode = FALSE
	EndGlobalSection
EndGlobal
